{
  "lib/forge-std": {
    "tag": {
      "name": "v1.15.0",
      "rev": "0844d7e1fc5e60d77b68e469bff60265f236c398"
    }
  },
  "lib/openzeppelin-contracts": {
    "tag": {
      "name": "v3.4.2-solc-0.7",
      "rev": "04695aecbd4d17dddfd55de766d10e3805d6f42f"
    }
  },
  "lib/solidity-lib": {
    "rev": "c01640b0f0f1d8a85cba8de378cc48469fcfd9a6"
  }
}